
Microsoft Visual Studio Solution File, Format Version 12.00
# Visual Studio 15
VisualStudioVersion = 15.0.28010.2046
MinimumVisualStudioVersion = 10.0.40219.1
Project("{8BC9CEB8-8B4A-11D0-8D11-00A0C91BC942}") = "dm_1115", "dm_1115\dm_1115.vcxproj", "{7B736D6A-92D7-4363-BCC3-5003886594BB}"
EndProject
Global
	GlobalSection(SolutionConfigurationPlatforms) = preSolution
		Debug|x64 = Debug|x64
		Debug|x86 = Debug|x86
		Release|x64 = Release|x64
		Release|x86 = Release|x86
	EndGlobalSection
	GlobalSection(ProjectConfigurationPlatforms) = postSolution
		{7B736D6A-92D7-4363-BCC3-5003886594BB}.Debug|x64.ActiveCfg = Debug|x64
		{7B736D6A-92D7-4363-BCC3-5003886594BB}.Debug|x64.Build.0 = Debug|x64
		{7B736D6A-92D7-4363-BCC3-5003886594BB}.Debug|x86.ActiveCfg = Debug|Win32
		{7B736D6A-92D7-4363-BCC3-5003886594BB}.Debug|x86.Build.0 = Debug|Win32
		{7B736D6A-92D7-4363-BCC3-5003886594BB}.Release|x64.ActiveCfg = Release|x64
		{7B736D6A-92D7-4363-BCC3-5003886594BB}.Release|x64.Build.0 = Release|x64
		{7B736D6A-92D7-4363-BCC3-5003886594BB}.Release|x86.ActiveCfg = Release|Win32
		{7B736D6A-92D7-4363-BCC3-5003886594BB}.Release|x86.Build.0 = Release|Win32
	EndGlobalSection
	GlobalSection(SolutionProperties) = preSolution
		HideSolutionNode = FALSE
	EndGlobalSection
	GlobalSection(ExtensibilityGlobals) = postSolution
		SolutionGuid = {9899FC7A-00F2-48FC-92C5-2B0AC8A62050}
	EndGlobalSection
EndGlobal
